
Microsoft Visual Studio Solution File, Format Version 12.00
# Visual Studio 15
VisualStudioVersion = 15.0.28307.421
MinimumVisualStudioVersion = 10.0.40219.1
Project("{9A19103F-16F7-4668-BE54-9A1E7A4F7556}") = "MyPracticeWebSite", "MyPracticeWebSite\MyPracticeWebSite.csproj", "{4B0D851C-113C-4E58-95A0-F913040B85D9}"
EndProject
Project("{9A19103F-16F7-4668-BE54-9A1E7A4F7556}") = "Shared", "Shared\Shared.csproj", "{CA98EA7F-84AA-4A77-9211-1E18BBE64DB9}"
EndProject
Project("{9A19103F-16F7-4668-BE54-9A1E7A4F7556}") = "API", "API\API.csproj", "{9ED33ADA-75F8-4EC0-95F7-8CB9C45D802C}"
EndProject
Project("{FAE04EC0-301F-11D3-BF4B-00C04F79EFBC}") = "AspNetSecurity", "AspNetSecurity\AspNetSecurity.csproj", "{A448DE9D-991E-4F1C-9044-40B6BF9039B6}"
EndProject
Global
	GlobalSection(SolutionConfigurationPlatforms) = preSolution
		Debug|Any CPU = Debug|Any CPU
		Release|Any CPU = Release|Any CPU
	EndGlobalSection
	GlobalSection(ProjectConfigurationPlatforms) = postSolution
		{4B0D851C-113C-4E58-95A0-F913040B85D9}.Debug|Any CPU.ActiveCfg = Debug|Any CPU
		{4B0D851C-113C-4E58-95A0-F913040B85D9}.Debug|Any CPU.Build.0 = Debug|Any CPU
		{4B0D851C-113C-4E58-95A0-F913040B85D9}.Release|Any CPU.ActiveCfg = Release|Any CPU
		{4B0D851C-113C-4E58-95A0-F913040B85D9}.Release|Any CPU.Build.0 = Release|Any CPU
		{CA98EA7F-84AA-4A77-9211-1E18BBE64DB9}.Debug|Any CPU.ActiveCfg = Debug|Any CPU
		{CA98EA7F-84AA-4A77-9211-1E18BBE64DB9}.Debug|Any CPU.Build.0 = Debug|Any CPU
		{CA98EA7F-84AA-4A77-9211-1E18BBE64DB9}.Release|Any CPU.ActiveCfg = Release|Any CPU
		{CA98EA7F-84AA-4A77-9211-1E18BBE64DB9}.Release|Any CPU.Build.0 = Release|Any CPU
		{9ED33ADA-75F8-4EC0-95F7-8CB9C45D802C}.Debug|Any CPU.ActiveCfg = Debug|Any CPU
		{9ED33ADA-75F8-4EC0-95F7-8CB9C45D802C}.Debug|Any CPU.Build.0 = Debug|Any CPU
		{9ED33ADA-75F8-4EC0-95F7-8CB9C45D802C}.Release|Any CPU.ActiveCfg = Release|Any CPU
		{9ED33ADA-75F8-4EC0-95F7-8CB9C45D802C}.Release|Any CPU.Build.0 = Release|Any CPU
		{A448DE9D-991E-4F1C-9044-40B6BF9039B6}.Debug|Any CPU.ActiveCfg = Debug|Any CPU
		{A448DE9D-991E-4F1C-9044-40B6BF9039B6}.Debug|Any CPU.Build.0 = Debug|Any CPU
		{A448DE9D-991E-4F1C-9044-40B6BF9039B6}.Release|Any CPU.ActiveCfg = Release|Any CPU
		{A448DE9D-991E-4F1C-9044-40B6BF9039B6}.Release|Any CPU.Build.0 = Release|Any CPU
	EndGlobalSection
	GlobalSection(SolutionProperties) = preSolution
		HideSolutionNode = FALSE
	EndGlobalSection
	GlobalSection(ExtensibilityGlobals) = postSolution
		SolutionGuid = {5797E546-F143-4453-BB17-14AFE0DF6806}
	EndGlobalSection
EndGlobal
